
Microsoft Visual Studio Solution File, Format Version 12.00
# Visual Studio Version 17
VisualStudioVersion = 17.2.32526.322
MinimumVisualStudioVersion = 10.0.40219.1
Project("{8BC9CEB8-8B4A-11D0-8D11-00A0C91BC942}") = "HWID Checker", "HWID Checker\HWID Checker.vcxproj", "{5DDC66B3-9757-4D38-81CF-C66BA1F8AF74}"
EndProject
Global
	GlobalSection(SolutionConfigurationPlatforms) = preSolution
		Debug|x64 = Debug|x64
		Debug|x86 = Debug|x86
		Release|x64 = Release|x64
		Release|x86 = Release|x86
	EndGlobalSection
	GlobalSection(ProjectConfigurationPlatforms) = postSolution
		{5DDC66B3-9757-4D38-81CF-C66BA1F8AF74}.Debug|x64.ActiveCfg = Debug|x64
		{5DDC66B3-9757-4D38-81CF-C66BA1F8AF74}.Debug|x64.Build.0 = Debug|x64
		{5DDC66B3-9757-4D38-81CF-C66BA1F8AF74}.Debug|x86.ActiveCfg = Debug|Win32
		{5DDC66B3-9757-4D38-81CF-C66BA1F8AF74}.Debug|x86.Build.0 = Debug|Win32
		{5DDC66B3-9757-4D38-81CF-C66BA1F8AF74}.Release|x64.ActiveCfg = Release|x64
		{5DDC66B3-9757-4D38-81CF-C66BA1F8AF74}.Release|x64.Build.0 = Release|x64
		{5DDC66B3-9757-4D38-81CF-C66BA1F8AF74}.Release|x86.ActiveCfg = Release|Win32
		{5DDC66B3-9757-4D38-81CF-C66BA1F8AF74}.Release|x86.Build.0 = Release|Win32
	EndGlobalSection
	GlobalSection(SolutionProperties) = preSolution
		HideSolutionNode = FALSE
	EndGlobalSection
	GlobalSection(ExtensibilityGlobals) = postSolution
		SolutionGuid = {9A10DA2F-7209-4553-B2CB-850EE5FFA47F}
	EndGlobalSection
EndGlobal
